
Microsoft Visual Studio Solution File, Format Version 12.00
# Visual Studio 15
VisualStudioVersion = 15.0.28010.2046
MinimumVisualStudioVersion = 10.0.40219.1
Project("{888888A0-9F3D-457C-B088-3A5042F75D52}") = "KnackBot", "KnackBot\KnackBot.pyproj", "{8C28F0F5-B5F1-460F-879C-90E353B6A3C5}"
EndProject
Global
	GlobalSection(SolutionConfigurationPlatforms) = preSolution
		Debug|Any CPU = Debug|Any CPU
		Release|Any CPU = Release|Any CPU
	EndGlobalSection
	GlobalSection(ProjectConfigurationPlatforms) = postSolution
		{8C28F0F5-B5F1-460F-879C-90E353B6A3C5}.Debug|Any CPU.ActiveCfg = Debug|Any CPU
		{8C28F0F5-B5F1-460F-879C-90E353B6A3C5}.Release|Any CPU.ActiveCfg = Release|Any CPU
	EndGlobalSection
	GlobalSection(SolutionProperties) = preSolution
		HideSolutionNode = FALSE
	EndGlobalSection
	GlobalSection(ExtensibilityGlobals) = postSolution
		SolutionGuid = {D9219616-51E2-4FC1-9ED2-EA334A3031DA}
	EndGlobalSection
EndGlobal
